// !$*UTF8*$!
{
	archiveVersion = 1;
	classes = {
	};
	objectVersion = 46;
	objects = {

/* Begin PBXBuildFile section */
		2A045BEB1CE7431800F287E4 /* KeyboardManagerProtocol.swift in Sources */ = {isa = PBXBuildFile; fileRef = 2A045BEA1CE7431800F287E4 /* KeyboardManagerProtocol.swift */; };
		2A20593D1CE7486A00EA8097 /* TaskDescriptionCell.swift in Sources */ = {isa = PBXBuildFile; fileRef = 2A20593C1CE7486A00EA8097 /* TaskDescriptionCell.swift */; };
		2A20593F1CE74BC900EA8097 /* TableViewCells.xib in Resources */ = {isa = PBXBuildFile; fileRef = 2A20593E1CE74BC900EA8097 /* TableViewCells.xib */; };
		2A2059411CE74FE200EA8097 /* TaskDescriptionCell.xib in Resources */ = {isa = PBXBuildFile; fileRef = 2A2059401CE74FE200EA8097 /* TaskDescriptionCell.xib */; };
		2A2059431CE7508E00EA8097 /* TitleLabel.swift in Sources */ = {isa = PBXBuildFile; fileRef = 2A2059421CE7508E00EA8097 /* TitleLabel.swift */; };
		2A20594B1CE7518900EA8097 /* TaskCostEditorCell.swift in Sources */ = {isa = PBXBuildFile; fileRef = 2A2059491CE7518900EA8097 /* TaskCostEditorCell.swift */; };
		2A20594C1CE7518900EA8097 /* TaskCostEditorCell.xib in Resources */ = {isa = PBXBuildFile; fileRef = 2A20594A1CE7518900EA8097 /* TaskCostEditorCell.xib */; };
		2A20594E1CE7572000EA8097 /* Task.swift in Sources */ = {isa = PBXBuildFile; fileRef = 2A20594D1CE7572000EA8097 /* Task.swift */; };
		2A2059511CE7717900EA8097 /* TaskCell.swift in Sources */ = {isa = PBXBuildFile; fileRef = 2A20594F1CE7717900EA8097 /* TaskCell.swift */; };
		2A2059521CE7717900EA8097 /* TaskCell.xib in Resources */ = {isa = PBXBuildFile; fileRef = 2A2059501CE7717900EA8097 /* TaskCell.xib */; };
		2A2059541CE779CC00EA8097 /* StartViewController.swift in Sources */ = {isa = PBXBuildFile; fileRef = 2A2059531CE779CC00EA8097 /* StartViewController.swift */; };
		2A39622D1CE6932500B4FA0B /* CreateTaskViewController.swift in Sources */ = {isa = PBXBuildFile; fileRef = 2A39622C1CE6932500B4FA0B /* CreateTaskViewController.swift */; };
		2A39622F1CE693F500B4FA0B /* TaskViewController.swift in Sources */ = {isa = PBXBuildFile; fileRef = 2A39622E1CE693F500B4FA0B /* TaskViewController.swift */; };
		2A3962311CE6945900B4FA0B /* DashboardViewController.swift in Sources */ = {isa = PBXBuildFile; fileRef = 2A3962301CE6945900B4FA0B /* DashboardViewController.swift */; };
		2A3962331CE695A300B4FA0B /* SettingsViewController.swift in Sources */ = {isa = PBXBuildFile; fileRef = 2A3962321CE695A300B4FA0B /* SettingsViewController.swift */; };
		2A3962351CE69A0E00B4FA0B /* UsersViewController.swift in Sources */ = {isa = PBXBuildFile; fileRef = 2A3962341CE69A0E00B4FA0B /* UsersViewController.swift */; };
		2A3962371CE69AD500B4FA0B /* UserTableViewCell.swift in Sources */ = {isa = PBXBuildFile; fileRef = 2A3962361CE69AD500B4FA0B /* UserTableViewCell.swift */; };
		2A39623A1CE69C7900B4FA0B /* StringAttributes.swift in Sources */ = {isa = PBXBuildFile; fileRef = 2A3962391CE69C7900B4FA0B /* StringAttributes.swift */; };
		2A39623C1CE69E3D00B4FA0B /* TaskTableViewCell.swift in Sources */ = {isa = PBXBuildFile; fileRef = 2A39623B1CE69E3D00B4FA0B /* TaskTableViewCell.swift */; };
		2A847A0A1CE652F80025D96B /* RegisterViewController.swift in Sources */ = {isa = PBXBuildFile; fileRef = 2A847A091CE652F80025D96B /* RegisterViewController.swift */; };
		2A847A0C1CE653E70025D96B /* DefaultButton.swift in Sources */ = {isa = PBXBuildFile; fileRef = 2A847A0B1CE653E70025D96B /* DefaultButton.swift */; };
		2A847A0E1CE6540E0025D96B /* FormTextField.swift in Sources */ = {isa = PBXBuildFile; fileRef = 2A847A0D1CE6540E0025D96B /* FormTextField.swift */; };
		2A847A101CE669BD0025D96B /* KeyAuthViewController.swift in Sources */ = {isa = PBXBuildFile; fileRef = 2A847A0F1CE669BD0025D96B /* KeyAuthViewController.swift */; };
		2A847A131CE6809D0025D96B /* User.swift in Sources */ = {isa = PBXBuildFile; fileRef = 2A847A121CE6809D0025D96B /* User.swift */; };
		2A847A151CE681E30025D96B /* ModelDictionaryProtocol.swift in Sources */ = {isa = PBXBuildFile; fileRef = 2A847A141CE681E30025D96B /* ModelDictionaryProtocol.swift */; };
		2A847A171CE683740025D96B /* FirebaseModelProtocol.swift in Sources */ = {isa = PBXBuildFile; fileRef = 2A847A161CE683740025D96B /* FirebaseModelProtocol.swift */; };
		2A847A191CE684030025D96B /* Model.swift in Sources */ = {isa = PBXBuildFile; fileRef = 2A847A181CE684030025D96B /* Model.swift */; };
		2A847A1B1CE6857F0025D96B /* TasksViewController.swift in Sources */ = {isa = PBXBuildFile; fileRef = 2A847A1A1CE6857F0025D96B /* TasksViewController.swift */; };
		2AB245F11CE7B1C200CE1EF1 /* CenterBluetoothManager.swift in Sources */ = {isa = PBXBuildFile; fileRef = 2AB245F01CE7B1C200CE1EF1 /* CenterBluetoothManager.swift */; };
		2AB245F31CE7B1DC00CE1EF1 /* PeripheralBluetoothManager.swift in Sources */ = {isa = PBXBuildFile; fileRef = 2AB245F21CE7B1DC00CE1EF1 /* PeripheralBluetoothManager.swift */; };
		2AB245F51CE7B3BF00CE1EF1 /* CoreBluetoothDefinition.swift in Sources */ = {isa = PBXBuildFile; fileRef = 2AB245F41CE7B3BF00CE1EF1 /* CoreBluetoothDefinition.swift */; };
		2AB245F71CE7B93300CE1EF1 /* BluetoothViewController.swift in Sources */ = {isa = PBXBuildFile; fileRef = 2AB245F61CE7B93300CE1EF1 /* BluetoothViewController.swift */; };
		2AB245F91CE7BEF600CE1EF1 /* BluetoothPeripheralViewController.swift in Sources */ = {isa = PBXBuildFile; fileRef = 2AB245F81CE7BEF600CE1EF1 /* BluetoothPeripheralViewController.swift */; };
		2AB245FB1CE7C65200CE1EF1 /* CoreBluetooth.framework in Frameworks */ = {isa = PBXBuildFile; fileRef = 2AB245FA1CE7C65200CE1EF1 /* CoreBluetooth.framework */; };
		2ACA555C1CE8814900F2B762 /* CreateWishViewController.swift in Sources */ = {isa = PBXBuildFile; fileRef = 2ACA555B1CE8814900F2B762 /* CreateWishViewController.swift */; };
		2ACA555E1CE884E000F2B762 /* Wish.swift in Sources */ = {isa = PBXBuildFile; fileRef = 2ACA555D1CE884E000F2B762 /* Wish.swift */; };
		7FFDB51AFBC50A37D4AD71FC /* Pods_family_coin.framework in Frameworks */ = {isa = PBXBuildFile; fileRef = C6ABDE96B4C407A70C12ACFC /* Pods_family_coin.framework */; };
		929B90351CE6469B00F3B07B /* AppDelegate.swift in Sources */ = {isa = PBXBuildFile; fileRef = 929B90341CE6469B00F3B07B /* AppDelegate.swift */; };
		929B903A1CE6469B00F3B07B /* Main.storyboard in Resources */ = {isa = PBXBuildFile; fileRef = 929B90381CE6469B00F3B07B /* Main.storyboard */; };
		929B903C1CE6469B00F3B07B /* Assets.xcassets in Resources */ = {isa = PBXBuildFile; fileRef = 929B903B1CE6469B00F3B07B /* Assets.xcassets */; };
		929B903F1CE6469B00F3B07B /* LaunchScreen.storyboard in Resources */ = {isa = PBXBuildFile; fileRef = 929B903D1CE6469B00F3B07B /* LaunchScreen.storyboard */; };
		92C1A85A1CE73B2F001F4CAE /* TextFieldTableViewCell.swift in Sources */ = {isa = PBXBuildFile; fileRef = 92C1A8591CE73B2F001F4CAE /* TextFieldTableViewCell.swift */; };
		F36C20EDA362DB6C34B5FEDE /* LoginViewController.swift in Sources */ = {isa = PBXBuildFile; fileRef = F36C2088A86E0A0DED195AEA /* LoginViewController.swift */; };
		F36C21AFC92793236841A605 /* BaseViewController.swift in Sources */ = {isa = PBXBuildFile; fileRef = F36C2CD811F7299B8D2C3A5D /* BaseViewController.swift */; };
		F36C23CADEB4416594E984F8 /* UserDefaultsManager.swift in Sources */ = {isa = PBXBuildFile; fileRef = F36C2BC5F2A4EC0ED9464D0C /* UserDefaultsManager.swift */; };
		F36C2A4B48A5B97AF3CCAA12 /* FirebaseManager.swift in Sources */ = {isa = PBXBuildFile; fileRef = F36C27DE485DAF2ED2A80FDF /* FirebaseManager.swift */; };
		F36C2C65FCE417958FE5B652 /* NavigationController.swift in Sources */ = {isa = PBXBuildFile; fileRef = F36C21FB14DE12185C620990 /* NavigationController.swift */; };
/* End PBXBuildFile section */

/* Begin PBXFileReference section */
		2A045BEA1CE7431800F287E4 /* KeyboardManagerProtocol.swift */ = {isa = PBXFileReference; fileEncoding = 4; lastKnownFileType = sourcecode.swift; path = KeyboardManagerProtocol.swift; sourceTree = "<group>"; };
		2A20593C1CE7486A00EA8097 /* TaskDescriptionCell.swift */ = {isa = PBXFileReference; fileEncoding = 4; lastKnownFileType = sourcecode.swift; path = TaskDescriptionCell.swift; sourceTree = "<group>"; };
		2A20593E1CE74BC900EA8097 /* TableViewCells.xib */ = {isa = PBXFileReference; fileEncoding = 4; lastKnownFileType = file.xib; path = TableViewCells.xib; sourceTree = "<group>"; };
		2A2059401CE74FE200EA8097 /* TaskDescriptionCell.xib */ = {isa = PBXFileReference; fileEncoding = 4; lastKnownFileType = file.xib; path = TaskDescriptionCell.xib; sourceTree = "<group>"; };
		2A2059421CE7508E00EA8097 /* TitleLabel.swift */ = {isa = PBXFileReference; fileEncoding = 4; lastKnownFileType = sourcecode.swift; path = TitleLabel.swift; sourceTree = "<group>"; };
		2A2059491CE7518900EA8097 /* TaskCostEditorCell.swift */ = {isa = PBXFileReference; fileEncoding = 4; lastKnownFileType = sourcecode.swift; path = TaskCostEditorCell.swift; sourceTree = "<group>"; };
		2A20594A1CE7518900EA8097 /* TaskCostEditorCell.xib */ = {isa = PBXFileReference; fileEncoding = 4; lastKnownFileType = file.xib; path = TaskCostEditorCell.xib; sourceTree = "<group>"; };
		2A20594D1CE7572000EA8097 /* Task.swift */ = {isa = PBXFileReference; fileEncoding = 4; lastKnownFileType = sourcecode.swift; path = Task.swift; sourceTree = "<group>"; };
		2A20594F1CE7717900EA8097 /* TaskCell.swift */ = {isa = PBXFileReference; fileEncoding = 4; lastKnownFileType = sourcecode.swift; path = TaskCell.swift; sourceTree = "<group>"; };
		2A2059501CE7717900EA8097 /* TaskCell.xib */ = {isa = PBXFileReference; fileEncoding = 4; lastKnownFileType = file.xib; path = TaskCell.xib; sourceTree = "<group>"; };
		2A2059531CE779CC00EA8097 /* StartViewController.swift */ = {isa = PBXFileReference; fileEncoding = 4; lastKnownFileType = sourcecode.swift; path = StartViewController.swift; sourceTree = "<group>"; };
		2A39622C1CE6932500B4FA0B /* CreateTaskViewController.swift */ = {isa = PBXFileReference; fileEncoding = 4; lastKnownFileType = sourcecode.swift; path = CreateTaskViewController.swift; sourceTree = "<group>"; };
		2A39622E1CE693F500B4FA0B /* TaskViewController.swift */ = {isa = PBXFileReference; fileEncoding = 4; lastKnownFileType = sourcecode.swift; path = TaskViewController.swift; sourceTree = "<group>"; };
		2A3962301CE6945900B4FA0B /* DashboardViewController.swift */ = {isa = PBXFileReference; fileEncoding = 4; lastKnownFileType = sourcecode.swift; path = DashboardViewController.swift; sourceTree = "<group>"; };
		2A3962321CE695A300B4FA0B /* SettingsViewController.swift */ = {isa = PBXFileReference; fileEncoding = 4; lastKnownFileType = sourcecode.swift; path = SettingsViewController.swift; sourceTree = "<group>"; };
		2A3962341CE69A0E00B4FA0B /* UsersViewController.swift */ = {isa = PBXFileReference; fileEncoding = 4; lastKnownFileType = sourcecode.swift; path = UsersViewController.swift; sourceTree = "<group>"; };
		2A3962361CE69AD500B4FA0B /* UserTableViewCell.swift */ = {isa = PBXFileReference; fileEncoding = 4; lastKnownFileType = sourcecode.swift; path = UserTableViewCell.swift; sourceTree = "<group>"; };
		2A3962391CE69C7900B4FA0B /* StringAttributes.swift */ = {isa = PBXFileReference; fileEncoding = 4; lastKnownFileType = sourcecode.swift; path = StringAttributes.swift; sourceTree = "<group>"; };
		2A39623B1CE69E3D00B4FA0B /* TaskTableViewCell.swift */ = {isa = PBXFileReference; fileEncoding = 4; lastKnownFileType = sourcecode.swift; path = TaskTableViewCell.swift; sourceTree = "<group>"; };
		2A847A091CE652F80025D96B /* RegisterViewController.swift */ = {isa = PBXFileReference; fileEncoding = 4; lastKnownFileType = sourcecode.swift; path = RegisterViewController.swift; sourceTree = "<group>"; };
		2A847A0B1CE653E70025D96B /* DefaultButton.swift */ = {isa = PBXFileReference; fileEncoding = 4; lastKnownFileType = sourcecode.swift; path = DefaultButton.swift; sourceTree = "<group>"; };
		2A847A0D1CE6540E0025D96B /* FormTextField.swift */ = {isa = PBXFileReference; fileEncoding = 4; lastKnownFileType = sourcecode.swift; path = FormTextField.swift; sourceTree = "<group>"; };
		2A847A0F1CE669BD0025D96B /* KeyAuthViewController.swift */ = {isa = PBXFileReference; fileEncoding = 4; lastKnownFileType = sourcecode.swift; path = KeyAuthViewController.swift; sourceTree = "<group>"; };
		2A847A121CE6809D0025D96B /* User.swift */ = {isa = PBXFileReference; fileEncoding = 4; lastKnownFileType = sourcecode.swift; path = User.swift; sourceTree = "<group>"; };
		2A847A141CE681E30025D96B /* ModelDictionaryProtocol.swift */ = {isa = PBXFileReference; fileEncoding = 4; lastKnownFileType = sourcecode.swift; path = ModelDictionaryProtocol.swift; sourceTree = "<group>"; };
		2A847A161CE683740025D96B /* FirebaseModelProtocol.swift */ = {isa = PBXFileReference; fileEncoding = 4; lastKnownFileType = sourcecode.swift; path = FirebaseModelProtocol.swift; sourceTree = "<group>"; };
		2A847A181CE684030025D96B /* Model.swift */ = {isa = PBXFileReference; fileEncoding = 4; lastKnownFileType = sourcecode.swift; path = Model.swift; sourceTree = "<group>"; };
		2A847A1A1CE6857F0025D96B /* TasksViewController.swift */ = {isa = PBXFileReference; fileEncoding = 4; lastKnownFileType = sourcecode.swift; path = TasksViewController.swift; sourceTree = "<group>"; };
		2AB245F01CE7B1C200CE1EF1 /* CenterBluetoothManager.swift */ = {isa = PBXFileReference; fileEncoding = 4; lastKnownFileType = sourcecode.swift; path = CenterBluetoothManager.swift; sourceTree = "<group>"; };
		2AB245F21CE7B1DC00CE1EF1 /* PeripheralBluetoothManager.swift */ = {isa = PBXFileReference; fileEncoding = 4; lastKnownFileType = sourcecode.swift; path = PeripheralBluetoothManager.swift; sourceTree = "<group>"; };
		2AB245F41CE7B3BF00CE1EF1 /* CoreBluetoothDefinition.swift */ = {isa = PBXFileReference; fileEncoding = 4; lastKnownFileType = sourcecode.swift; path = CoreBluetoothDefinition.swift; sourceTree = "<group>"; };
		2AB245F61CE7B93300CE1EF1 /* BluetoothViewController.swift */ = {isa = PBXFileReference; fileEncoding = 4; lastKnownFileType = sourcecode.swift; path = BluetoothViewController.swift; sourceTree = "<group>"; };
		2AB245F81CE7BEF600CE1EF1 /* BluetoothPeripheralViewController.swift */ = {isa = PBXFileReference; fileEncoding = 4; lastKnownFileType = sourcecode.swift; path = BluetoothPeripheralViewController.swift; sourceTree = "<group>"; };
		2AB245FA1CE7C65200CE1EF1 /* CoreBluetooth.framework */ = {isa = PBXFileReference; lastKnownFileType = wrapper.framework; name = CoreBluetooth.framework; path = System/Library/Frameworks/CoreBluetooth.framework; sourceTree = SDKROOT; };
		2ACA555B1CE8814900F2B762 /* CreateWishViewController.swift */ = {isa = PBXFileReference; fileEncoding = 4; lastKnownFileType = sourcecode.swift; path = CreateWishViewController.swift; sourceTree = "<group>"; };
		2ACA555D1CE884E000F2B762 /* Wish.swift */ = {isa = PBXFileReference; fileEncoding = 4; lastKnownFileType = sourcecode.swift; path = Wish.swift; sourceTree = "<group>"; };
		627CA22ABC58DBFE889F0608 /* Pods-family-coin.debug.xcconfig */ = {isa = PBXFileReference; includeInIndex = 1; lastKnownFileType = text.xcconfig; name = "Pods-family-coin.debug.xcconfig"; path = "Pods/Target Support Files/Pods-family-coin/Pods-family-coin.debug.xcconfig"; sourceTree = "<group>"; };
		929B90311CE6469A00F3B07B /* family-coin.app */ = {isa = PBXFileReference; explicitFileType = wrapper.application; includeInIndex = 0; path = "family-coin.app"; sourceTree = BUILT_PRODUCTS_DIR; };
		929B90341CE6469B00F3B07B /* AppDelegate.swift */ = {isa = PBXFileReference; lastKnownFileType = sourcecode.swift; path = AppDelegate.swift; sourceTree = "<group>"; };
		929B90391CE6469B00F3B07B /* Base */ = {isa = PBXFileReference; lastKnownFileType = file.storyboard; name = Base; path = Base.lproj/Main.storyboard; sourceTree = "<group>"; };
		929B903B1CE6469B00F3B07B /* Assets.xcassets */ = {isa = PBXFileReference; lastKnownFileType = folder.assetcatalog; path = Assets.xcassets; sourceTree = "<group>"; };
		929B903E1CE6469B00F3B07B /* Base */ = {isa = PBXFileReference; lastKnownFileType = file.storyboard; name = Base; path = Base.lproj/LaunchScreen.storyboard; sourceTree = "<group>"; };
		929B90401CE6469B00F3B07B /* Info.plist */ = {isa = PBXFileReference; lastKnownFileType = text.plist.xml; path = Info.plist; sourceTree = "<group>"; };
		92C1A8591CE73B2F001F4CAE /* TextFieldTableViewCell.swift */ = {isa = PBXFileReference; fileEncoding = 4; lastKnownFileType = sourcecode.swift; path = TextFieldTableViewCell.swift; sourceTree = "<group>"; };
		C6ABDE96B4C407A70C12ACFC /* Pods_family_coin.framework */ = {isa = PBXFileReference; explicitFileType = wrapper.framework; includeInIndex = 0; path = Pods_family_coin.framework; sourceTree = BUILT_PRODUCTS_DIR; };
		CED669FA6EA46EB42C31D5C5 /* Pods-family-coin.release.xcconfig */ = {isa = PBXFileReference; includeInIndex = 1; lastKnownFileType = text.xcconfig; name = "Pods-family-coin.release.xcconfig"; path = "Pods/Target Support Files/Pods-family-coin/Pods-family-coin.release.xcconfig"; sourceTree = "<group>"; };
		F36C2088A86E0A0DED195AEA /* LoginViewController.swift */ = {isa = PBXFileReference; fileEncoding = 4; lastKnownFileType = sourcecode.swift; path = LoginViewController.swift; sourceTree = "<group>"; };
		F36C21FB14DE12185C620990 /* NavigationController.swift */ = {isa = PBXFileReference; fileEncoding = 4; lastKnownFileType = sourcecode.swift; path = NavigationController.swift; sourceTree = "<group>"; };
		F36C27DE485DAF2ED2A80FDF /* FirebaseManager.swift */ = {isa = PBXFileReference; fileEncoding = 4; lastKnownFileType = sourcecode.swift; path = FirebaseManager.swift; sourceTree = "<group>"; };
		F36C2BC5F2A4EC0ED9464D0C /* UserDefaultsManager.swift */ = {isa = PBXFileReference; fileEncoding = 4; lastKnownFileType = sourcecode.swift; path = UserDefaultsManager.swift; sourceTree = "<group>"; };
		F36C2CD811F7299B8D2C3A5D /* BaseViewController.swift */ = {isa = PBXFileReference; fileEncoding = 4; lastKnownFileType = sourcecode.swift; path = BaseViewController.swift; sourceTree = "<group>"; };
/* End PBXFileReference section */

/* Begin PBXFrameworksBuildPhase section */
		929B902E1CE6469A00F3B07B /* Frameworks */ = {
			isa = PBXFrameworksBuildPhase;
			buildActionMask = 2147483647;
			files = (
				2AB245FB1CE7C65200CE1EF1 /* CoreBluetooth.framework in Frameworks */,
				7FFDB51AFBC50A37D4AD71FC /* Pods_family_coin.framework in Frameworks */,
			);
			runOnlyForDeploymentPostprocessing = 0;
		};
/* End PBXFrameworksBuildPhase section */

/* Begin PBXGroup section */
		2A2059441CE750D900EA8097 /* Create Task Cells */ = {
			isa = PBXGroup;
			children = (
				92C1A8591CE73B2F001F4CAE /* TextFieldTableViewCell.swift */,
				2A20593C1CE7486A00EA8097 /* TaskDescriptionCell.swift */,
				2A20593E1CE74BC900EA8097 /* TableViewCells.xib */,
				2A2059401CE74FE200EA8097 /* TaskDescriptionCell.xib */,
				2A2059491CE7518900EA8097 /* TaskCostEditorCell.swift */,
				2A20594A1CE7518900EA8097 /* TaskCostEditorCell.xib */,
				2A20594F1CE7717900EA8097 /* TaskCell.swift */,
				2A2059501CE7717900EA8097 /* TaskCell.xib */,
			);
			name = "Create Task Cells";
			sourceTree = "<group>";
		};
		2A3962381CE69C2B00B4FA0B /* Elements */ = {
			isa = PBXGroup;
			children = (
				2A3962391CE69C7900B4FA0B /* StringAttributes.swift */,
				2A045BEA1CE7431800F287E4 /* KeyboardManagerProtocol.swift */,
			);
			path = Elements;
			sourceTree = "<group>";
		};
		2A847A111CE6807C0025D96B /* Models */ = {
			isa = PBXGroup;
			children = (
				2A847A121CE6809D0025D96B /* User.swift */,
				2A847A141CE681E30025D96B /* ModelDictionaryProtocol.swift */,
				2A847A161CE683740025D96B /* FirebaseModelProtocol.swift */,
				2A847A181CE684030025D96B /* Model.swift */,
				2A20594D1CE7572000EA8097 /* Task.swift */,
				2ACA555D1CE884E000F2B762 /* Wish.swift */,
			);
			path = Models;
			sourceTree = "<group>";
		};
		36B89832700E5F0233EDDB88 /* Frameworks */ = {
			isa = PBXGroup;
			children = (
				2AB245FA1CE7C65200CE1EF1 /* CoreBluetooth.framework */,
				C6ABDE96B4C407A70C12ACFC /* Pods_family_coin.framework */,
			);
			name = Frameworks;
			sourceTree = "<group>";
		};
		929B90281CE6469A00F3B07B = {
			isa = PBXGroup;
			children = (
				929B90331CE6469A00F3B07B /* family-coin */,
				929B90321CE6469A00F3B07B /* Products */,
				9485F5BE20C107028A90ADEF /* Pods */,
				36B89832700E5F0233EDDB88 /* Frameworks */,
			);
			sourceTree = "<group>";
		};
		929B90321CE6469A00F3B07B /* Products */ = {
			isa = PBXGroup;
			children = (
				929B90311CE6469A00F3B07B /* family-coin.app */,
			);
			name = Products;
			sourceTree = "<group>";
		};
		929B90331CE6469A00F3B07B /* family-coin */ = {
			isa = PBXGroup;
			children = (
				929B90341CE6469B00F3B07B /* AppDelegate.swift */,
				929B90381CE6469B00F3B07B /* Main.storyboard */,
				929B903B1CE6469B00F3B07B /* Assets.xcassets */,
				929B903D1CE6469B00F3B07B /* LaunchScreen.storyboard */,
				929B90401CE6469B00F3B07B /* Info.plist */,
				2A3962381CE69C2B00B4FA0B /* Elements */,
				2A847A111CE6807C0025D96B /* Models */,
				F36C2E981CED0494307B3499 /* ViewControllers */,
				F36C294A7DC57A252C811583 /* Views */,
				F36C2516E3A47D670CFD80E4 /* Api */,
			);
			path = "family-coin";
			sourceTree = "<group>";
		};
		9485F5BE20C107028A90ADEF /* Pods */ = {
			isa = PBXGroup;
			children = (
				627CA22ABC58DBFE889F0608 /* Pods-family-coin.debug.xcconfig */,
				CED669FA6EA46EB42C31D5C5 /* Pods-family-coin.release.xcconfig */,
			);
			name = Pods;
			sourceTree = "<group>";
		};
		F36C2516E3A47D670CFD80E4 /* Api */ = {
			isa = PBXGroup;
			children = (
				F36C27DE485DAF2ED2A80FDF /* FirebaseManager.swift */,
				F36C2BC5F2A4EC0ED9464D0C /* UserDefaultsManager.swift */,
				2AB245F01CE7B1C200CE1EF1 /* CenterBluetoothManager.swift */,
				2AB245F21CE7B1DC00CE1EF1 /* PeripheralBluetoothManager.swift */,
				2AB245F41CE7B3BF00CE1EF1 /* CoreBluetoothDefinition.swift */,
			);
			path = Api;
			sourceTree = "<group>";
		};
		F36C294A7DC57A252C811583 /* Views */ = {
			isa = PBXGroup;
			children = (
				2A847A0B1CE653E70025D96B /* DefaultButton.swift */,
				2A847A0D1CE6540E0025D96B /* FormTextField.swift */,
				2A3962361CE69AD500B4FA0B /* UserTableViewCell.swift */,
				2A39623B1CE69E3D00B4FA0B /* TaskTableViewCell.swift */,
				2A2059441CE750D900EA8097 /* Create Task Cells */,
				2A2059421CE7508E00EA8097 /* TitleLabel.swift */,
			);
			path = Views;
			sourceTree = "<group>";
		};
		F36C2E981CED0494307B3499 /* ViewControllers */ = {
			isa = PBXGroup;
			children = (
				F36C2CD811F7299B8D2C3A5D /* BaseViewController.swift */,
				F36C21FB14DE12185C620990 /* NavigationController.swift */,
				F36C2088A86E0A0DED195AEA /* LoginViewController.swift */,
				2A847A091CE652F80025D96B /* RegisterViewController.swift */,
				2A847A0F1CE669BD0025D96B /* KeyAuthViewController.swift */,
				2A847A1A1CE6857F0025D96B /* TasksViewController.swift */,
				2A39622C1CE6932500B4FA0B /* CreateTaskViewController.swift */,
				2A39622E1CE693F500B4FA0B /* TaskViewController.swift */,
				2A3962301CE6945900B4FA0B /* DashboardViewController.swift */,
				2A3962321CE695A300B4FA0B /* SettingsViewController.swift */,
				2A3962341CE69A0E00B4FA0B /* UsersViewController.swift */,
				2A2059531CE779CC00EA8097 /* StartViewController.swift */,
				2AB245F61CE7B93300CE1EF1 /* BluetoothViewController.swift */,
				2AB245F81CE7BEF600CE1EF1 /* BluetoothPeripheralViewController.swift */,
				2ACA555B1CE8814900F2B762 /* CreateWishViewController.swift */,
			);
			path = ViewControllers;
			sourceTree = "<group>";
		};
/* End PBXGroup section */

/* Begin PBXNativeTarget section */
		929B90301CE6469A00F3B07B /* family-coin */ = {
			isa = PBXNativeTarget;
			buildConfigurationList = 929B90431CE6469B00F3B07B /* Build configuration list for PBXNativeTarget "family-coin" */;
			buildPhases = (
				C61CCDBF32EAC52D41024EAB /* Check Pods Manifest.lock */,
				929B902D1CE6469A00F3B07B /* Sources */,
				929B902E1CE6469A00F3B07B /* Frameworks */,
				929B902F1CE6469A00F3B07B /* Resources */,
				FA7B5C478BEDB44388EC3729 /* Embed Pods Frameworks */,
				35A57A7A2A1C88148A0D033E /* Copy Pods Resources */,
			);
			buildRules = (
			);
			dependencies = (
			);
			name = "family-coin";
			productName = "family-coin";
			productReference = 929B90311CE6469A00F3B07B /* family-coin.app */;
			productType = "com.apple.product-type.application";
		};
/* End PBXNativeTarget section */

/* Begin PBXProject section */
		929B90291CE6469A00F3B07B /* Project object */ = {
			isa = PBXProject;
			attributes = {
				LastSwiftUpdateCheck = 0730;
				LastUpgradeCheck = 0730;
				ORGANIZATIONNAME = Sea;
				TargetAttributes = {
					929B90301CE6469A00F3B07B = {
						CreatedOnToolsVersion = 7.3;
					};
				};
			};
			buildConfigurationList = 929B902C1CE6469A00F3B07B /* Build configuration list for PBXProject "family-coin" */;
			compatibilityVersion = "Xcode 3.2";
			developmentRegion = English;
			hasScannedForEncodings = 0;
			knownRegions = (
				en,
				Base,
			);
			mainGroup = 929B90281CE6469A00F3B07B;
			productRefGroup = 929B90321CE6469A00F3B07B /* Products */;
			projectDirPath = "";
			projectRoot = "";
			targets = (
				929B90301CE6469A00F3B07B /* family-coin */,
			);
		};
/* End PBXProject section */

/* Begin PBXResourcesBuildPhase section */
		929B902F1CE6469A00F3B07B /* Resources */ = {
			isa = PBXResourcesBuildPhase;
			buildActionMask = 2147483647;
			files = (
				929B903F1CE6469B00F3B07B /* LaunchScreen.storyboard in Resources */,
				2A20593F1CE74BC900EA8097 /* TableViewCells.xib in Resources */,
				2A2059521CE7717900EA8097 /* TaskCell.xib in Resources */,
				2A2059411CE74FE200EA8097 /* TaskDescriptionCell.xib in Resources */,
				929B903C1CE6469B00F3B07B /* Assets.xcassets in Resources */,
				2A20594C1CE7518900EA8097 /* TaskCostEditorCell.xib in Resources */,
				929B903A1CE6469B00F3B07B /* Main.storyboard in Resources */,
			);
			runOnlyForDeploymentPostprocessing = 0;
		};
/* End PBXResourcesBuildPhase section */

/* Begin PBXShellScriptBuildPhase section */
		35A57A7A2A1C88148A0D033E /* Copy Pods Resources */ = {
			isa = PBXShellScriptBuildPhase;
			buildActionMask = 2147483647;
			files = (
			);
			inputPaths = (
			);
			name = "Copy Pods Resources";
			outputPaths = (
			);
			runOnlyForDeploymentPostprocessing = 0;
			shellPath = /bin/sh;
			shellScript = "\"${SRCROOT}/Pods/Target Support Files/Pods-family-coin/Pods-family-coin-resources.sh\"\n";
			showEnvVarsInLog = 0;
		};
		C61CCDBF32EAC52D41024EAB /* Check Pods Manifest.lock */ = {
			isa = PBXShellScriptBuildPhase;
			buildActionMask = 2147483647;
			files = (
			);
			inputPaths = (
			);
			name = "Check Pods Manifest.lock";
			outputPaths = (
			);
			runOnlyForDeploymentPostprocessing = 0;
			shellPath = /bin/sh;
			shellScript = "diff \"${PODS_ROOT}/../Podfile.lock\" \"${PODS_ROOT}/Manifest.lock\" > /dev/null\nif [[ $? != 0 ]] ; then\n    cat << EOM\nerror: The sandbox is not in sync with the Podfile.lock. Run 'pod install' or update your CocoaPods installation.\nEOM\n    exit 1\nfi\n";
			showEnvVarsInLog = 0;
		};
		FA7B5C478BEDB44388EC3729 /* Embed Pods Frameworks */ = {
			isa = PBXShellScriptBuildPhase;
			buildActionMask = 2147483647;
			files = (
			);
			inputPaths = (
			);
			name = "Embed Pods Frameworks";
			outputPaths = (
			);
			runOnlyForDeploymentPostprocessing = 0;
			shellPath = /bin/sh;
			shellScript = "\"${SRCROOT}/Pods/Target Support Files/Pods-family-coin/Pods-family-coin-frameworks.sh\"\n";
			showEnvVarsInLog = 0;
		};
/* End PBXShellScriptBuildPhase section */

/* Begin PBXSourcesBuildPhase section */
		929B902D1CE6469A00F3B07B /* Sources */ = {
			isa = PBXSourcesBuildPhase;
			buildActionMask = 2147483647;
			files = (
				2ACA555C1CE8814900F2B762 /* CreateWishViewController.swift in Sources */,
				2A2059541CE779CC00EA8097 /* StartViewController.swift in Sources */,
				2A20594E1CE7572000EA8097 /* Task.swift in Sources */,
				2AB245F51CE7B3BF00CE1EF1 /* CoreBluetoothDefinition.swift in Sources */,
				2A847A171CE683740025D96B /* FirebaseModelProtocol.swift in Sources */,
				2A3962311CE6945900B4FA0B /* DashboardViewController.swift in Sources */,
				2A847A101CE669BD0025D96B /* KeyAuthViewController.swift in Sources */,
				2A2059511CE7717900EA8097 /* TaskCell.swift in Sources */,
				92C1A85A1CE73B2F001F4CAE /* TextFieldTableViewCell.swift in Sources */,
				929B90351CE6469B00F3B07B /* AppDelegate.swift in Sources */,
				2A847A0E1CE6540E0025D96B /* FormTextField.swift in Sources */,
				2AB245F11CE7B1C200CE1EF1 /* CenterBluetoothManager.swift in Sources */,
				2A3962331CE695A300B4FA0B /* SettingsViewController.swift in Sources */,
				2A847A0A1CE652F80025D96B /* RegisterViewController.swift in Sources */,
				F36C21AFC92793236841A605 /* BaseViewController.swift in Sources */,
				F36C2C65FCE417958FE5B652 /* NavigationController.swift in Sources */,
				2A20594B1CE7518900EA8097 /* TaskCostEditorCell.swift in Sources */,
				F36C20EDA362DB6C34B5FEDE /* LoginViewController.swift in Sources */,
				2AB245F71CE7B93300CE1EF1 /* BluetoothViewController.swift in Sources */,
				2A847A1B1CE6857F0025D96B /* TasksViewController.swift in Sources */,
				2A847A191CE684030025D96B /* Model.swift in Sources */,
				2A39622F1CE693F500B4FA0B /* TaskViewController.swift in Sources */,
				2ACA555E1CE884E000F2B762 /* Wish.swift in Sources */,
				2A39623C1CE69E3D00B4FA0B /* TaskTableViewCell.swift in Sources */,
				2A847A131CE6809D0025D96B /* User.swift in Sources */,
				2AB245F91CE7BEF600CE1EF1 /* BluetoothPeripheralViewController.swift in Sources */,
				2A045BEB1CE7431800F287E4 /* KeyboardManagerProtocol.swift in Sources */,
				2A847A151CE681E30025D96B /* ModelDictionaryProtocol.swift in Sources */,
				2AB245F31CE7B1DC00CE1EF1 /* PeripheralBluetoothManager.swift in Sources */,
				F36C2A4B48A5B97AF3CCAA12 /* FirebaseManager.swift in Sources */,
				2A3962371CE69AD500B4FA0B /* UserTableViewCell.swift in Sources */,
				2A39623A1CE69C7900B4FA0B /* StringAttributes.swift in Sources */,
				2A20593D1CE7486A00EA8097 /* TaskDescriptionCell.swift in Sources */,
				2A847A0C1CE653E70025D96B /* DefaultButton.swift in Sources */,
				2A3962351CE69A0E00B4FA0B /* UsersViewController.swift in Sources */,
				2A2059431CE7508E00EA8097 /* TitleLabel.swift in Sources */,
				F36C23CADEB4416594E984F8 /* UserDefaultsManager.swift in Sources */,
				2A39622D1CE6932500B4FA0B /* CreateTaskViewController.swift in Sources */,
			);
			runOnlyForDeploymentPostprocessing = 0;
		};
/* End PBXSourcesBuildPhase section */

/* Begin PBXVariantGroup section */
		929B90381CE6469B00F3B07B /* Main.storyboard */ = {
			isa = PBXVariantGroup;
			children = (
				929B90391CE6469B00F3B07B /* Base */,
			);
			name = Main.storyboard;
			sourceTree = "<group>";
		};
		929B903D1CE6469B00F3B07B /* LaunchScreen.storyboard */ = {
			isa = PBXVariantGroup;
			children = (
				929B903E1CE6469B00F3B07B /* Base */,
			);
			name = LaunchScreen.storyboard;
			sourceTree = "<group>";
		};
/* End PBXVariantGroup section */

/* Begin XCBuildConfiguration section */
		929B90411CE6469B00F3B07B /* Debug */ = {
			isa = XCBuildConfiguration;
			buildSettings = {
				ALWAYS_SEARCH_USER_PATHS = NO;
				CLANG_ANALYZER_NONNULL = YES;
				CLANG_CXX_LANGUAGE_STANDARD = "gnu++0x";
				CLANG_CXX_LIBRARY = "libc++";
				CLANG_ENABLE_MODULES = YES;
				CLANG_ENABLE_OBJC_ARC = YES;
				CLANG_WARN_BOOL_CONVERSION = YES;
				CLANG_WARN_CONSTANT_CONVERSION = YES;
				CLANG_WARN_DIRECT_OBJC_ISA_USAGE = YES_ERROR;
				CLANG_WARN_EMPTY_BODY = YES;
				CLANG_WARN_ENUM_CONVERSION = YES;
				CLANG_WARN_INT_CONVERSION = YES;
				CLANG_WARN_OBJC_ROOT_CLASS = YES_ERROR;
				CLANG_WARN_UNREACHABLE_CODE = YES;
				CLANG_WARN__DUPLICATE_METHOD_MATCH = YES;
				"CODE_SIGN_IDENTITY[sdk=iphoneos*]" = "iPhone Developer";
				COPY_PHASE_STRIP = NO;
				DEBUG_INFORMATION_FORMAT = dwarf;
				ENABLE_STRICT_OBJC_MSGSEND = YES;
				ENABLE_TESTABILITY = YES;
				GCC_C_LANGUAGE_STANDARD = gnu99;
				GCC_DYNAMIC_NO_PIC = NO;
				GCC_NO_COMMON_BLOCKS = YES;
				GCC_OPTIMIZATION_LEVEL = 0;
				GCC_PREPROCESSOR_DEFINITIONS = (
					"DEBUG=1",
					"$(inherited)",
				);
				GCC_WARN_64_TO_32_BIT_CONVERSION = YES;
				GCC_WARN_ABOUT_RETURN_TYPE = YES_ERROR;
				GCC_WARN_UNDECLARED_SELECTOR = YES;
				GCC_WARN_UNINITIALIZED_AUTOS = YES_AGGRESSIVE;
				GCC_WARN_UNUSED_FUNCTION = YES;
				GCC_WARN_UNUSED_VARIABLE = YES;
				IPHONEOS_DEPLOYMENT_TARGET = 9.3;
				MTL_ENABLE_DEBUG_INFO = YES;
				ONLY_ACTIVE_ARCH = YES;
				SDKROOT = iphoneos;
				SWIFT_OPTIMIZATION_LEVEL = "-Onone";
			};
			name = Debug;
		};
		929B90421CE6469B00F3B07B /* Release */ = {
			isa = XCBuildConfiguration;
			buildSettings = {
				ALWAYS_SEARCH_USER_PATHS = NO;
				CLANG_ANALYZER_NONNULL = YES;
				CLANG_CXX_LANGUAGE_STANDARD = "gnu++0x";
				CLANG_CXX_LIBRARY = "libc++";
				CLANG_ENABLE_MODULES = YES;
				CLANG_ENABLE_OBJC_ARC = YES;
				CLANG_WARN_BOOL_CONVERSION = YES;
				CLANG_WARN_CONSTANT_CONVERSION = YES;
				CLANG_WARN_DIRECT_OBJC_ISA_USAGE = YES_ERROR;
				CLANG_WARN_EMPTY_BODY = YES;
				CLANG_WARN_ENUM_CONVERSION = YES;
				CLANG_WARN_INT_CONVERSION = YES;
				CLANG_WARN_OBJC_ROOT_CLASS = YES_ERROR;
				CLANG_WARN_UNREACHABLE_CODE = YES;
				CLANG_WARN__DUPLICATE_METHOD_MATCH = YES;
				"CODE_SIGN_IDENTITY[sdk=iphoneos*]" = "iPhone Developer";
				COPY_PHASE_STRIP = NO;
				DEBUG_INFORMATION_FORMAT = "dwarf-with-dsym";
				ENABLE_NS_ASSERTIONS = NO;
				ENABLE_STRICT_OBJC_MSGSEND = YES;
				GCC_C_LANGUAGE_STANDARD = gnu99;
				GCC_NO_COMMON_BLOCKS = YES;
				GCC_WARN_64_TO_32_BIT_CONVERSION = YES;
				GCC_WARN_ABOUT_RETURN_TYPE = YES_ERROR;
				GCC_WARN_UNDECLARED_SELECTOR = YES;
				GCC_WARN_UNINITIALIZED_AUTOS = YES_AGGRESSIVE;
				GCC_WARN_UNUSED_FUNCTION = YES;
				GCC_WARN_UNUSED_VARIABLE = YES;
				IPHONEOS_DEPLOYMENT_TARGET = 9.3;
				MTL_ENABLE_DEBUG_INFO = NO;
				SDKROOT = iphoneos;
				VALIDATE_PRODUCT = YES;
			};
			name = Release;
		};
		929B90441CE6469B00F3B07B /* Debug */ = {
			isa = XCBuildConfiguration;
			baseConfigurationReference = 627CA22ABC58DBFE889F0608 /* Pods-family-coin.debug.xcconfig */;
			buildSettings = {
				ASSETCATALOG_COMPILER_APPICON_NAME = AppIcon;
				CLANG_ENABLE_MODULES = YES;
				INFOPLIST_FILE = "family-coin/Info.plist";
				IPHONEOS_DEPLOYMENT_TARGET = 8.0;
				LD_RUNPATH_SEARCH_PATHS = "$(inherited) @executable_path/Frameworks";
				PRODUCT_BUNDLE_IDENTIFIER = "seaproduction.family-coin";
				PRODUCT_NAME = "$(TARGET_NAME)";
				SWIFT_OPTIMIZATION_LEVEL = "-Onone";
			};
			name = Debug;
		};
		929B90451CE6469B00F3B07B /* Release */ = {
			isa = XCBuildConfiguration;
			baseConfigurationReference = CED669FA6EA46EB42C31D5C5 /* Pods-family-coin.release.xcconfig */;
			buildSettings = {
				ASSETCATALOG_COMPILER_APPICON_NAME = AppIcon;
				CLANG_ENABLE_MODULES = YES;
				INFOPLIST_FILE = "family-coin/Info.plist";
				IPHONEOS_DEPLOYMENT_TARGET = 8.0;
				LD_RUNPATH_SEARCH_PATHS = "$(inherited) @executable_path/Frameworks";
				PRODUCT_BUNDLE_IDENTIFIER = "seaproduction.family-coin";
				PRODUCT_NAME = "$(TARGET_NAME)";
			};
			name = Release;
		};
/* End XCBuildConfiguration section */

/* Begin XCConfigurationList section */
		929B902C1CE6469A00F3B07B /* Build configuration list for PBXProject "family-coin" */ = {
			isa = XCConfigurationList;
			buildConfigurations = (
				929B90411CE6469B00F3B07B /* Debug */,
				929B90421CE6469B00F3B07B /* Release */,
			);
			defaultConfigurationIsVisible = 0;
			defaultConfigurationName = Release;
		};
		929B90431CE6469B00F3B07B /* Build configuration list for PBXNativeTarget "family-coin" */ = {
			isa = XCConfigurationList;
			buildConfigurations = (
				929B90441CE6469B00F3B07B /* Debug */,
				929B90451CE6469B00F3B07B /* Release */,
			);
			defaultConfigurationIsVisible = 0;
			defaultConfigurationName = Release;
		};
/* End XCConfigurationList section */
	};
	rootObject = 929B90291CE6469A00F3B07B /* Project object */;
}
